{
  "name": "webpack-self",
  "version": "1.0.0",
  "lockfileVersion": 3,
  "requires": true,
  "packages": {
    "": {
      "name": "webpack-self",
      "version": "1.0.0",
      "license": "ISC",
      "dependencies": {
        "esprima": "0.9.8",
        "optimist": "0.2.x",
        "uglify-js": "1.2.5"
      }
    },
    "node_modules/esprima": {
      "version": "0.9.8",
      "resolved": "https://unpm.uberinternal.com/artifactory/api/npm/npmjs-virtual/esprima/-/esprima-0.9.8.tgz",
      "integrity": "sha512-2E+baqrFdAszMd1SfgRbUG1ndUAFQI6nzIKYz5f26bzoFRPqfEoTPXVvw7u9ZjpMysENE8nxyiiOLGp1tvojNQ==",
      "bin": {
        "esparse": "bin/esparse.js"
      },
      "engines": {
        "node": ">=0.4.0"
      }
    },
    "node_modules/optimist": {
      "version": "0.2.8",
      "resolved": "https://unpm.uberinternal.com/artifactory/api/npm/npmjs-virtual/optimist/-/optimist-0.2.8.tgz",
      "integrity": "sha512-Wy7E3cQDpqsTIFyW7m22hSevyTLxw850ahYv7FWsw4G6MIKVTZ8NSA95KBrQ95a4SMsMr1UGUUnwEFKhVaSzIg==",
      "license": "MIT/X11",
      "dependencies": {
        "wordwrap": ">=0.0.1 <0.1.0"
      },
      "engines": {
        "node": "*"
      }
    },
    "node_modules/uglify-js": {
      "version": "1.2.5",
      "resolved": "https://unpm.uberinternal.com/artifactory/api/npm/npmjs-virtual/uglify-js/-/uglify-js-1.2.5.tgz",
      "integrity": "sha512-Ps1oQryKOcRDYuAN1tGpPWd/DIRMcdLz4p7JMxLjJiFvp+aaG01IEu0ZSoVvYUSxIkvW7k2X50BCW2InguEGlg==",
      "bin": {
        "uglifyjs": "bin/uglifyjs"
      },
      "engines": {
        "node": "*"
      }
    },
    "node_modules/wordwrap": {
      "version": "0.0.3",
      "resolved": "https://unpm.uberinternal.com/artifactory/api/npm/npmjs-virtual/wordwrap/-/wordwrap-0.0.3.tgz",
      "integrity": "sha512-1tMA907+V4QmxV7dbRvb4/8MaRALK6q9Abid3ndMYnbyo8piisCmeONVqVSXqQA3KaP4SLt5b7ud6E2sqP8TFw==",
      "license": "MIT",
      "engines": {
        "node": ">=0.4.0"
      }
    }
  }
}
